
Microsoft Visual Studio Solution File, Format Version 12.00
# Visual Studio Version 16
VisualStudioVersion = 16.0.30717.126
MinimumVisualStudioVersion = 10.0.40219.1
Project("{FAE04EC0-301F-11D3-BF4B-00C04F79EFBC}") = "10", "10\10.csproj", "{DA62BBB9-8DF1-4185-9C3A-376675D2979C}"
EndProject
Project("{FAE04EC0-301F-11D3-BF4B-00C04F79EFBC}") = "Lib_15", "Lib_15\Lib_15.csproj", "{EE8DFDFF-849C-48F8-A197-954CADA81A37}"
EndProject
Global
	GlobalSection(SolutionConfigurationPlatforms) = preSolution
		Debug|Any CPU = Debug|Any CPU
		Release|Any CPU = Release|Any CPU
	EndGlobalSection
	GlobalSection(ProjectConfigurationPlatforms) = postSolution
		{DA62BBB9-8DF1-4185-9C3A-376675D2979C}.Debug|Any CPU.ActiveCfg = Debug|Any CPU
		{DA62BBB9-8DF1-4185-9C3A-376675D2979C}.Debug|Any CPU.Build.0 = Debug|Any CPU
		{DA62BBB9-8DF1-4185-9C3A-376675D2979C}.Release|Any CPU.ActiveCfg = Release|Any CPU
		{DA62BBB9-8DF1-4185-9C3A-376675D2979C}.Release|Any CPU.Build.0 = Release|Any CPU
		{EE8DFDFF-849C-48F8-A197-954CADA81A37}.Debug|Any CPU.ActiveCfg = Debug|Any CPU
		{EE8DFDFF-849C-48F8-A197-954CADA81A37}.Debug|Any CPU.Build.0 = Debug|Any CPU
		{EE8DFDFF-849C-48F8-A197-954CADA81A37}.Release|Any CPU.ActiveCfg = Release|Any CPU
		{EE8DFDFF-849C-48F8-A197-954CADA81A37}.Release|Any CPU.Build.0 = Release|Any CPU
	EndGlobalSection
	GlobalSection(SolutionProperties) = preSolution
		HideSolutionNode = FALSE
	EndGlobalSection
	GlobalSection(ExtensibilityGlobals) = postSolution
		SolutionGuid = {8985EB13-C4DE-470A-BE80-EEA22B54730F}
	EndGlobalSection
EndGlobal
